
Microsoft Visual Studio Solution File, Format Version 12.00
# Visual Studio 15
VisualStudioVersion = 15.0.27703.2000
MinimumVisualStudioVersion = 10.0.40219.1
Project("{FAE04EC0-301F-11D3-BF4B-00C04F79EFBC}") = "BAChallenge", "BAChallenge\BAChallenge.csproj", "{65149309-1FC5-4EF9-9CD3-2C0E52F424C3}"
EndProject
Global
	GlobalSection(SolutionConfigurationPlatforms) = preSolution
		Debug|Any CPU = Debug|Any CPU
		Release|Any CPU = Release|Any CPU
	EndGlobalSection
	GlobalSection(ProjectConfigurationPlatforms) = postSolution
		{65149309-1FC5-4EF9-9CD3-2C0E52F424C3}.Debug|Any CPU.ActiveCfg = Debug|Any CPU
		{65149309-1FC5-4EF9-9CD3-2C0E52F424C3}.Debug|Any CPU.Build.0 = Debug|Any CPU
		{65149309-1FC5-4EF9-9CD3-2C0E52F424C3}.Release|Any CPU.ActiveCfg = Release|Any CPU
		{65149309-1FC5-4EF9-9CD3-2C0E52F424C3}.Release|Any CPU.Build.0 = Release|Any CPU
	EndGlobalSection
	GlobalSection(SolutionProperties) = preSolution
		HideSolutionNode = FALSE
	EndGlobalSection
	GlobalSection(ExtensibilityGlobals) = postSolution
		SolutionGuid = {64FCB9FA-8918-43D0-9E25-44693935BB3C}
	EndGlobalSection
EndGlobal
